// !$*UTF8*$!
{
	archiveVersion = 1;
	classes = {
	};
	objectVersion = 56;
	objects = {

/* Begin PBXBuildFile section */
		F91CE662291839FC00142CBD /* AppDelegate.swift in Sources */ = {isa = PBXBuildFile; fileRef = F91CE661291839FC00142CBD /* AppDelegate.swift */; };
		F91CE664291839FC00142CBD /* SceneDelegate.swift in Sources */ = {isa = PBXBuildFile; fileRef = F91CE663291839FC00142CBD /* SceneDelegate.swift */; };
		F91CE666291839FC00142CBD /* OverviewController.swift in Sources */ = {isa = PBXBuildFile; fileRef = F91CE665291839FC00142CBD /* OverviewController.swift */; };
		F91CE66B291839FE00142CBD /* Assets.xcassets in Resources */ = {isa = PBXBuildFile; fileRef = F91CE66A291839FE00142CBD /* Assets.xcassets */; };
		F91CE66E291839FE00142CBD /* LaunchScreen.storyboard in Resources */ = {isa = PBXBuildFile; fileRef = F91CE66C291839FE00142CBD /* LaunchScreen.storyboard */; };
		F91CE67829183D7800142CBD /* TabBarController.swift in Sources */ = {isa = PBXBuildFile; fileRef = F91CE67729183D7800142CBD /* TabBarController.swift */; };
		F91CE67B29183E5600142CBD /* UIColor + Extension.swift in Sources */ = {isa = PBXBuildFile; fileRef = F91CE67A29183E5600142CBD /* UIColor + Extension.swift */; };
		F91CE67E29183F0300142CBD /* Resources.swift in Sources */ = {isa = PBXBuildFile; fileRef = F91CE67D29183F0300142CBD /* Resources.swift */; };
		F9454492295587510041D017 /* SecondaryButton.swift in Sources */ = {isa = PBXBuildFile; fileRef = F9454491295587510041D017 /* SecondaryButton.swift */; };
		F9BDCD562922C7B000C9B0E5 /* NavBarController.swift in Sources */ = {isa = PBXBuildFile; fileRef = F9BDCD552922C7B000C9B0E5 /* NavBarController.swift */; };
		F9BDCD592923551200C9B0E5 /* BaseController.swift in Sources */ = {isa = PBXBuildFile; fileRef = F9BDCD582923551200C9B0E5 /* BaseController.swift */; };
		F9FC59572935C52E004CF835 /* UIView + ext.swift in Sources */ = {isa = PBXBuildFile; fileRef = F9FC59562935C52E004CF835 /* UIView + ext.swift */; };
		F9FC595E2935C779004CF835 /* SessionController.swift in Sources */ = {isa = PBXBuildFile; fileRef = F9FC595D2935C779004CF835 /* SessionController.swift */; };
		F9FC59602935C7B7004CF835 /* ProgressController.swift in Sources */ = {isa = PBXBuildFile; fileRef = F9FC595F2935C7B7004CF835 /* ProgressController.swift */; };
		F9FC59622935C7E3004CF835 /* SettingsController.swift in Sources */ = {isa = PBXBuildFile; fileRef = F9FC59612935C7E3004CF835 /* SettingsController.swift */; };
/* End PBXBuildFile section */

/* Begin PBXFileReference section */
		F91CE65E291839FC00142CBD /* WorkoutApp.app */ = {isa = PBXFileReference; explicitFileType = wrapper.application; includeInIndex = 0; path = WorkoutApp.app; sourceTree = BUILT_PRODUCTS_DIR; };
		F91CE661291839FC00142CBD /* AppDelegate.swift */ = {isa = PBXFileReference; lastKnownFileType = sourcecode.swift; path = AppDelegate.swift; sourceTree = "<group>"; };
		F91CE663291839FC00142CBD /* SceneDelegate.swift */ = {isa = PBXFileReference; lastKnownFileType = sourcecode.swift; path = SceneDelegate.swift; sourceTree = "<group>"; };
		F91CE665291839FC00142CBD /* OverviewController.swift */ = {isa = PBXFileReference; lastKnownFileType = sourcecode.swift; path = OverviewController.swift; sourceTree = "<group>"; };
		F91CE66A291839FE00142CBD /* Assets.xcassets */ = {isa = PBXFileReference; lastKnownFileType = folder.assetcatalog; path = Assets.xcassets; sourceTree = "<group>"; };
		F91CE66D291839FE00142CBD /* Base */ = {isa = PBXFileReference; lastKnownFileType = file.storyboard; name = Base; path = Base.lproj/LaunchScreen.storyboard; sourceTree = "<group>"; };
		F91CE66F291839FE00142CBD /* Info.plist */ = {isa = PBXFileReference; lastKnownFileType = text.plist.xml; path = Info.plist; sourceTree = "<group>"; };
		F91CE67729183D7800142CBD /* TabBarController.swift */ = {isa = PBXFileReference; lastKnownFileType = sourcecode.swift; path = TabBarController.swift; sourceTree = "<group>"; };
		F91CE67A29183E5600142CBD /* UIColor + Extension.swift */ = {isa = PBXFileReference; lastKnownFileType = sourcecode.swift; path = "UIColor + Extension.swift"; sourceTree = "<group>"; };
		F91CE67D29183F0300142CBD /* Resources.swift */ = {isa = PBXFileReference; lastKnownFileType = sourcecode.swift; path = Resources.swift; sourceTree = "<group>"; };
		F9454491295587510041D017 /* SecondaryButton.swift */ = {isa = PBXFileReference; lastKnownFileType = sourcecode.swift; path = SecondaryButton.swift; sourceTree = "<group>"; };
		F9BDCD552922C7B000C9B0E5 /* NavBarController.swift */ = {isa = PBXFileReference; lastKnownFileType = sourcecode.swift; path = NavBarController.swift; sourceTree = "<group>"; };
		F9BDCD582923551200C9B0E5 /* BaseController.swift */ = {isa = PBXFileReference; lastKnownFileType = sourcecode.swift; path = BaseController.swift; sourceTree = "<group>"; };
		F9FC59562935C52E004CF835 /* UIView + ext.swift */ = {isa = PBXFileReference; lastKnownFileType = sourcecode.swift; path = "UIView + ext.swift"; sourceTree = "<group>"; };
		F9FC595D2935C779004CF835 /* SessionController.swift */ = {isa = PBXFileReference; lastKnownFileType = sourcecode.swift; path = SessionController.swift; sourceTree = "<group>"; };
		F9FC595F2935C7B7004CF835 /* ProgressController.swift */ = {isa = PBXFileReference; lastKnownFileType = sourcecode.swift; path = ProgressController.swift; sourceTree = "<group>"; };
		F9FC59612935C7E3004CF835 /* SettingsController.swift */ = {isa = PBXFileReference; lastKnownFileType = sourcecode.swift; path = SettingsController.swift; sourceTree = "<group>"; };
/* End PBXFileReference section */

/* Begin PBXFrameworksBuildPhase section */
		F91CE65B291839FC00142CBD /* Frameworks */ = {
			isa = PBXFrameworksBuildPhase;
			buildActionMask = 2147483647;
			files = (
			);
			runOnlyForDeploymentPostprocessing = 0;
		};
/* End PBXFrameworksBuildPhase section */

/* Begin PBXGroup section */
		F91CE655291839FC00142CBD = {
			isa = PBXGroup;
			children = (
				F91CE660291839FC00142CBD /* WorkoutApp */,
				F91CE65F291839FC00142CBD /* Products */,
			);
			sourceTree = "<group>";
		};
		F91CE65F291839FC00142CBD /* Products */ = {
			isa = PBXGroup;
			children = (
				F91CE65E291839FC00142CBD /* WorkoutApp.app */,
			);
			name = Products;
			sourceTree = "<group>";
		};
		F91CE660291839FC00142CBD /* WorkoutApp */ = {
			isa = PBXGroup;
			children = (
				F91CE67929183E3500142CBD /* Helpers */,
				F91CE67529183AF100142CBD /* Application */,
				F9BDCD57292354DA00C9B0E5 /* Controllers */,
				F91CE67629183B3C00142CBD /* SupportingFiles */,
			);
			path = WorkoutApp;
			sourceTree = "<group>";
		};
		F91CE67529183AF100142CBD /* Application */ = {
			isa = PBXGroup;
			children = (
				F91CE661291839FC00142CBD /* AppDelegate.swift */,
				F91CE663291839FC00142CBD /* SceneDelegate.swift */,
			);
			path = Application;
			sourceTree = "<group>";
		};
		F91CE67629183B3C00142CBD /* SupportingFiles */ = {
			isa = PBXGroup;
			children = (
				F91CE66A291839FE00142CBD /* Assets.xcassets */,
				F91CE66C291839FE00142CBD /* LaunchScreen.storyboard */,
				F91CE66F291839FE00142CBD /* Info.plist */,
			);
			path = SupportingFiles;
			sourceTree = "<group>";
		};
		F91CE67929183E3500142CBD /* Helpers */ = {
			isa = PBXGroup;
			children = (
				F91CE67C29183E6F00142CBD /* Extensions */,
				F91CE67D29183F0300142CBD /* Resources.swift */,
			);
			path = Helpers;
			sourceTree = "<group>";
		};
		F91CE67C29183E6F00142CBD /* Extensions */ = {
			isa = PBXGroup;
			children = (
				F91CE67A29183E5600142CBD /* UIColor + Extension.swift */,
				F9FC59562935C52E004CF835 /* UIView + ext.swift */,
			);
			path = Extensions;
			sourceTree = "<group>";
		};
		F9454490295587370041D017 /* Views */ = {
			isa = PBXGroup;
			children = (
				F9454491295587510041D017 /* SecondaryButton.swift */,
			);
			path = Views;
			sourceTree = "<group>";
		};
		F9BDCD57292354DA00C9B0E5 /* Controllers */ = {
			isa = PBXGroup;
			children = (
				F9FC595C2935C753004CF835 /* Settings */,
				F9FC595B2935C747004CF835 /* Progress */,
				F9FC595A2935C738004CF835 /* Session */,
				F9FC59592935C727004CF835 /* Overview */,
				F9FC59582935C717004CF835 /* Base */,
			);
			path = Controllers;
			sourceTree = "<group>";
		};
		F9FC59582935C717004CF835 /* Base */ = {
			isa = PBXGroup;
			children = (
				F91CE67729183D7800142CBD /* TabBarController.swift */,
				F9BDCD552922C7B000C9B0E5 /* NavBarController.swift */,
				F9BDCD582923551200C9B0E5 /* BaseController.swift */,
			);
			path = Base;
			sourceTree = "<group>";
		};
		F9FC59592935C727004CF835 /* Overview */ = {
			isa = PBXGroup;
			children = (
				F9454490295587370041D017 /* Views */,
				F91CE665291839FC00142CBD /* OverviewController.swift */,
			);
			path = Overview;
			sourceTree = "<group>";
		};
		F9FC595A2935C738004CF835 /* Session */ = {
			isa = PBXGroup;
			children = (
				F9FC595D2935C779004CF835 /* SessionController.swift */,
			);
			path = Session;
			sourceTree = "<group>";
		};
		F9FC595B2935C747004CF835 /* Progress */ = {
			isa = PBXGroup;
			children = (
				F9FC595F2935C7B7004CF835 /* ProgressController.swift */,
			);
			path = Progress;
			sourceTree = "<group>";
		};
		F9FC595C2935C753004CF835 /* Settings */ = {
			isa = PBXGroup;
			children = (
				F9FC59612935C7E3004CF835 /* SettingsController.swift */,
			);
			path = Settings;
			sourceTree = "<group>";
		};
/* End PBXGroup section */

/* Begin PBXNativeTarget section */
		F91CE65D291839FC00142CBD /* WorkoutApp */ = {
			isa = PBXNativeTarget;
			buildConfigurationList = F91CE672291839FE00142CBD /* Build configuration list for PBXNativeTarget "WorkoutApp" */;
			buildPhases = (
				F91CE65A291839FC00142CBD /* Sources */,
				F91CE65B291839FC00142CBD /* Frameworks */,
				F91CE65C291839FC00142CBD /* Resources */,
			);
			buildRules = (
			);
			dependencies = (
			);
			name = WorkoutApp;
			productName = WorkoutApp;
			productReference = F91CE65E291839FC00142CBD /* WorkoutApp.app */;
			productType = "com.apple.product-type.application";
		};
/* End PBXNativeTarget section */

/* Begin PBXProject section */
		F91CE656291839FC00142CBD /* Project object */ = {
			isa = PBXProject;
			attributes = {
				BuildIndependentTargetsInParallel = 1;
				LastSwiftUpdateCheck = 1400;
				LastUpgradeCheck = 1400;
				TargetAttributes = {
					F91CE65D291839FC00142CBD = {
						CreatedOnToolsVersion = 14.0.1;
					};
				};
			};
			buildConfigurationList = F91CE659291839FC00142CBD /* Build configuration list for PBXProject "WorkoutApp" */;
			compatibilityVersion = "Xcode 14.0";
			developmentRegion = en;
			hasScannedForEncodings = 0;
			knownRegions = (
				en,
				Base,
			);
			mainGroup = F91CE655291839FC00142CBD;
			productRefGroup = F91CE65F291839FC00142CBD /* Products */;
			projectDirPath = "";
			projectRoot = "";
			targets = (
				F91CE65D291839FC00142CBD /* WorkoutApp */,
			);
		};
/* End PBXProject section */

/* Begin PBXResourcesBuildPhase section */
		F91CE65C291839FC00142CBD /* Resources */ = {
			isa = PBXResourcesBuildPhase;
			buildActionMask = 2147483647;
			files = (
				F91CE66E291839FE00142CBD /* LaunchScreen.storyboard in Resources */,
				F91CE66B291839FE00142CBD /* Assets.xcassets in Resources */,
			);
			runOnlyForDeploymentPostprocessing = 0;
		};
/* End PBXResourcesBuildPhase section */

/* Begin PBXSourcesBuildPhase section */
		F91CE65A291839FC00142CBD /* Sources */ = {
			isa = PBXSourcesBuildPhase;
			buildActionMask = 2147483647;
			files = (
				F9FC59622935C7E3004CF835 /* SettingsController.swift in Sources */,
				F91CE666291839FC00142CBD /* OverviewController.swift in Sources */,
				F9FC59572935C52E004CF835 /* UIView + ext.swift in Sources */,
				F91CE67829183D7800142CBD /* TabBarController.swift in Sources */,
				F91CE662291839FC00142CBD /* AppDelegate.swift in Sources */,
				F9FC595E2935C779004CF835 /* SessionController.swift in Sources */,
				F9454492295587510041D017 /* SecondaryButton.swift in Sources */,
				F9FC59602935C7B7004CF835 /* ProgressController.swift in Sources */,
				F9BDCD562922C7B000C9B0E5 /* NavBarController.swift in Sources */,
				F91CE67E29183F0300142CBD /* Resources.swift in Sources */,
				F91CE664291839FC00142CBD /* SceneDelegate.swift in Sources */,
				F9BDCD592923551200C9B0E5 /* BaseController.swift in Sources */,
				F91CE67B29183E5600142CBD /* UIColor + Extension.swift in Sources */,
			);
			runOnlyForDeploymentPostprocessing = 0;
		};
/* End PBXSourcesBuildPhase section */

/* Begin PBXVariantGroup section */
		F91CE66C291839FE00142CBD /* LaunchScreen.storyboard */ = {
			isa = PBXVariantGroup;
			children = (
				F91CE66D291839FE00142CBD /* Base */,
			);
			name = LaunchScreen.storyboard;
			sourceTree = "<group>";
		};
/* End PBXVariantGroup section */

/* Begin XCBuildConfiguration section */
		F91CE670291839FE00142CBD /* Debug */ = {
			isa = XCBuildConfiguration;
			buildSettings = {
				ALWAYS_SEARCH_USER_PATHS = NO;
				CLANG_ANALYZER_NONNULL = YES;
				CLANG_ANALYZER_NUMBER_OBJECT_CONVERSION = YES_AGGRESSIVE;
				CLANG_CXX_LANGUAGE_STANDARD = "gnu++20";
				CLANG_ENABLE_MODULES = YES;
				CLANG_ENABLE_OBJC_ARC = YES;
				CLANG_ENABLE_OBJC_WEAK = YES;
				CLANG_WARN_BLOCK_CAPTURE_AUTORELEASING = YES;
				CLANG_WARN_BOOL_CONVERSION = YES;
				CLANG_WARN_COMMA = YES;
				CLANG_WARN_CONSTANT_CONVERSION = YES;
				CLANG_WARN_DEPRECATED_OBJC_IMPLEMENTATIONS = YES;
				CLANG_WARN_DIRECT_OBJC_ISA_USAGE = YES_ERROR;
				CLANG_WARN_DOCUMENTATION_COMMENTS = YES;
				CLANG_WARN_EMPTY_BODY = YES;
				CLANG_WARN_ENUM_CONVERSION = YES;
				CLANG_WARN_INFINITE_RECURSION = YES;
				CLANG_WARN_INT_CONVERSION = YES;
				CLANG_WARN_NON_LITERAL_NULL_CONVERSION = YES;
				CLANG_WARN_OBJC_IMPLICIT_RETAIN_SELF = YES;
				CLANG_WARN_OBJC_LITERAL_CONVERSION = YES;
				CLANG_WARN_OBJC_ROOT_CLASS = YES_ERROR;
				CLANG_WARN_QUOTED_INCLUDE_IN_FRAMEWORK_HEADER = YES;
				CLANG_WARN_RANGE_LOOP_ANALYSIS = YES;
				CLANG_WARN_STRICT_PROTOTYPES = YES;
				CLANG_WARN_SUSPICIOUS_MOVE = YES;
				CLANG_WARN_UNGUARDED_AVAILABILITY = YES_AGGRESSIVE;
				CLANG_WARN_UNREACHABLE_CODE = YES;
				CLANG_WARN__DUPLICATE_METHOD_MATCH = YES;
				COPY_PHASE_STRIP = NO;
				DEBUG_INFORMATION_FORMAT = dwarf;
				ENABLE_STRICT_OBJC_MSGSEND = YES;
				ENABLE_TESTABILITY = YES;
				GCC_C_LANGUAGE_STANDARD = gnu11;
				GCC_DYNAMIC_NO_PIC = NO;
				GCC_NO_COMMON_BLOCKS = YES;
				GCC_OPTIMIZATION_LEVEL = 0;
				GCC_PREPROCESSOR_DEFINITIONS = (
					"DEBUG=1",
					"$(inherited)",
				);
				GCC_WARN_64_TO_32_BIT_CONVERSION = YES;
				GCC_WARN_ABOUT_RETURN_TYPE = YES_ERROR;
				GCC_WARN_UNDECLARED_SELECTOR = YES;
				GCC_WARN_UNINITIALIZED_AUTOS = YES_AGGRESSIVE;
				GCC_WARN_UNUSED_FUNCTION = YES;
				GCC_WARN_UNUSED_VARIABLE = YES;
				IPHONEOS_DEPLOYMENT_TARGET = 16.0;
				MTL_ENABLE_DEBUG_INFO = INCLUDE_SOURCE;
				MTL_FAST_MATH = YES;
				ONLY_ACTIVE_ARCH = YES;
				SDKROOT = iphoneos;
				SWIFT_ACTIVE_COMPILATION_CONDITIONS = DEBUG;
				SWIFT_OPTIMIZATION_LEVEL = "-Onone";
			};
			name = Debug;
		};
		F91CE671291839FE00142CBD /* Release */ = {
			isa = XCBuildConfiguration;
			buildSettings = {
				ALWAYS_SEARCH_USER_PATHS = NO;
				CLANG_ANALYZER_NONNULL = YES;
				CLANG_ANALYZER_NUMBER_OBJECT_CONVERSION = YES_AGGRESSIVE;
				CLANG_CXX_LANGUAGE_STANDARD = "gnu++20";
				CLANG_ENABLE_MODULES = YES;
				CLANG_ENABLE_OBJC_ARC = YES;
				CLANG_ENABLE_OBJC_WEAK = YES;
				CLANG_WARN_BLOCK_CAPTURE_AUTORELEASING = YES;
				CLANG_WARN_BOOL_CONVERSION = YES;
				CLANG_WARN_COMMA = YES;
				CLANG_WARN_CONSTANT_CONVERSION = YES;
				CLANG_WARN_DEPRECATED_OBJC_IMPLEMENTATIONS = YES;
				CLANG_WARN_DIRECT_OBJC_ISA_USAGE = YES_ERROR;
				CLANG_WARN_DOCUMENTATION_COMMENTS = YES;
				CLANG_WARN_EMPTY_BODY = YES;
				CLANG_WARN_ENUM_CONVERSION = YES;
				CLANG_WARN_INFINITE_RECURSION = YES;
				CLANG_WARN_INT_CONVERSION = YES;
				CLANG_WARN_NON_LITERAL_NULL_CONVERSION = YES;
				CLANG_WARN_OBJC_IMPLICIT_RETAIN_SELF = YES;
				CLANG_WARN_OBJC_LITERAL_CONVERSION = YES;
				CLANG_WARN_OBJC_ROOT_CLASS = YES_ERROR;
				CLANG_WARN_QUOTED_INCLUDE_IN_FRAMEWORK_HEADER = YES;
				CLANG_WARN_RANGE_LOOP_ANALYSIS = YES;
				CLANG_WARN_STRICT_PROTOTYPES = YES;
				CLANG_WARN_SUSPICIOUS_MOVE = YES;
				CLANG_WARN_UNGUARDED_AVAILABILITY = YES_AGGRESSIVE;
				CLANG_WARN_UNREACHABLE_CODE = YES;
				CLANG_WARN__DUPLICATE_METHOD_MATCH = YES;
				COPY_PHASE_STRIP = NO;
				DEBUG_INFORMATION_FORMAT = "dwarf-with-dsym";
				ENABLE_NS_ASSERTIONS = NO;
				ENABLE_STRICT_OBJC_MSGSEND = YES;
				GCC_C_LANGUAGE_STANDARD = gnu11;
				GCC_NO_COMMON_BLOCKS = YES;
				GCC_WARN_64_TO_32_BIT_CONVERSION = YES;
				GCC_WARN_ABOUT_RETURN_TYPE = YES_ERROR;
				GCC_WARN_UNDECLARED_SELECTOR = YES;
				GCC_WARN_UNINITIALIZED_AUTOS = YES_AGGRESSIVE;
				GCC_WARN_UNUSED_FUNCTION = YES;
				GCC_WARN_UNUSED_VARIABLE = YES;
				IPHONEOS_DEPLOYMENT_TARGET = 16.0;
				MTL_ENABLE_DEBUG_INFO = NO;
				MTL_FAST_MATH = YES;
				SDKROOT = iphoneos;
				SWIFT_COMPILATION_MODE = wholemodule;
				SWIFT_OPTIMIZATION_LEVEL = "-O";
				VALIDATE_PRODUCT = YES;
			};
			name = Release;
		};
		F91CE673291839FE00142CBD /* Debug */ = {
			isa = XCBuildConfiguration;
			buildSettings = {
				ASSETCATALOG_COMPILER_APPICON_NAME = AppIcon;
				ASSETCATALOG_COMPILER_GLOBAL_ACCENT_COLOR_NAME = AccentColor;
				CODE_SIGN_STYLE = Automatic;
				CURRENT_PROJECT_VERSION = 1;
				DEVELOPMENT_TEAM = XYB3K296Y9;
				GENERATE_INFOPLIST_FILE = YES;
				INFOPLIST_FILE = WorkoutApp/SupportingFiles/Info.plist;
				INFOPLIST_KEY_UIApplicationSupportsIndirectInputEvents = YES;
				INFOPLIST_KEY_UILaunchStoryboardName = LaunchScreen;
				INFOPLIST_KEY_UIStatusBarStyle = "";
				INFOPLIST_KEY_UISupportedInterfaceOrientations = UIInterfaceOrientationPortrait;
				IPHONEOS_DEPLOYMENT_TARGET = 15.0;
				LD_RUNPATH_SEARCH_PATHS = (
					"$(inherited)",
					"@executable_path/Frameworks",
				);
				MARKETING_VERSION = 1.0;
				PRODUCT_BUNDLE_IDENTIFIER = com.eugenevas.WorkoutApp;
				PRODUCT_NAME = "$(TARGET_NAME)";
				SUPPORTED_PLATFORMS = "iphoneos iphonesimulator";
				SUPPORTS_MACCATALYST = NO;
				SUPPORTS_MAC_DESIGNED_FOR_IPHONE_IPAD = YES;
				SWIFT_EMIT_LOC_STRINGS = YES;
				SWIFT_VERSION = 5.0;
				TARGETED_DEVICE_FAMILY = 1;
			};
			name = Debug;
		};
		F91CE674291839FE00142CBD /* Release */ = {
			isa = XCBuildConfiguration;
			buildSettings = {
				ASSETCATALOG_COMPILER_APPICON_NAME = AppIcon;
				ASSETCATALOG_COMPILER_GLOBAL_ACCENT_COLOR_NAME = AccentColor;
				CODE_SIGN_STYLE = Automatic;
				CURRENT_PROJECT_VERSION = 1;
				DEVELOPMENT_TEAM = XYB3K296Y9;
				GENERATE_INFOPLIST_FILE = YES;
				INFOPLIST_FILE = WorkoutApp/SupportingFiles/Info.plist;
				INFOPLIST_KEY_UIApplicationSupportsIndirectInputEvents = YES;
				INFOPLIST_KEY_UILaunchStoryboardName = LaunchScreen;
				INFOPLIST_KEY_UIStatusBarStyle = "";
				INFOPLIST_KEY_UISupportedInterfaceOrientations = UIInterfaceOrientationPortrait;
				IPHONEOS_DEPLOYMENT_TARGET = 15.0;
				LD_RUNPATH_SEARCH_PATHS = (
					"$(inherited)",
					"@executable_path/Frameworks",
				);
				MARKETING_VERSION = 1.0;
				PRODUCT_BUNDLE_IDENTIFIER = com.eugenevas.WorkoutApp;
				PRODUCT_NAME = "$(TARGET_NAME)";
				SUPPORTED_PLATFORMS = "iphoneos iphonesimulator";
				SUPPORTS_MACCATALYST = NO;
				SUPPORTS_MAC_DESIGNED_FOR_IPHONE_IPAD = YES;
				SWIFT_EMIT_LOC_STRINGS = YES;
				SWIFT_VERSION = 5.0;
				TARGETED_DEVICE_FAMILY = 1;
			};
			name = Release;
		};
/* End XCBuildConfiguration section */

/* Begin XCConfigurationList section */
		F91CE659291839FC00142CBD /* Build configuration list for PBXProject "WorkoutApp" */ = {
			isa = XCConfigurationList;
			buildConfigurations = (
				F91CE670291839FE00142CBD /* Debug */,
				F91CE671291839FE00142CBD /* Release */,
			);
			defaultConfigurationIsVisible = 0;
			defaultConfigurationName = Release;
		};
		F91CE672291839FE00142CBD /* Build configuration list for PBXNativeTarget "WorkoutApp" */ = {
			isa = XCConfigurationList;
			buildConfigurations = (
				F91CE673291839FE00142CBD /* Debug */,
				F91CE674291839FE00142CBD /* Release */,
			);
			defaultConfigurationIsVisible = 0;
			defaultConfigurationName = Release;
		};
/* End XCConfigurationList section */
	};
	rootObject = F91CE656291839FC00142CBD /* Project object */;
}
